
Microsoft Visual Studio Solution File, Format Version 12.00
# Visual Studio 15
Project("{FAE04EC0-301F-11D3-BF4B-00C04F79EFBC}") = "Assembly-CSharp", "Assembly-CSharp.csproj", "{A1092331-8FB9-D0F8-1F75-77DC7CBEEB0A}"
EndProject
Global
	GlobalSection(SolutionConfigurationPlatforms) = preSolution
		Debug|Any CPU = Debug|Any CPU
		Release|Any CPU = Release|Any CPU
	EndGlobalSection
	GlobalSection(ProjectConfigurationPlatforms) = postSolution
		{A1092331-8FB9-D0F8-1F75-77DC7CBEEB0A}.Debug|Any CPU.ActiveCfg = Debug|Any CPU
		{A1092331-8FB9-D0F8-1F75-77DC7CBEEB0A}.Debug|Any CPU.Build.0 = Debug|Any CPU
		{A1092331-8FB9-D0F8-1F75-77DC7CBEEB0A}.Release|Any CPU.ActiveCfg = Release|Any CPU
		{A1092331-8FB9-D0F8-1F75-77DC7CBEEB0A}.Release|Any CPU.Build.0 = Release|Any CPU
	EndGlobalSection
	GlobalSection(SolutionProperties) = preSolution
		HideSolutionNode = FALSE
	EndGlobalSection
EndGlobal
